
Microsoft Visual Studio Solution File, Format Version 12.00
# Visual Studio Version 17
VisualStudioVersion = 17.5.002.0
MinimumVisualStudioVersion = 10.0.40219.1
Project("{9A19103F-16F7-4668-BE54-9A1E7A4F7556}") = "WebAPI", "WebAPI\WebAPI.csproj", "{884DCC15-F1EC-4BEB-A966-F304145F2762}"
EndProject
Global
	GlobalSection(SolutionConfigurationPlatforms) = preSolution
		Debug|Any CPU = Debug|Any CPU
		Release|Any CPU = Release|Any CPU
	EndGlobalSection
	GlobalSection(ProjectConfigurationPlatforms) = postSolution
		{884DCC15-F1EC-4BEB-A966-F304145F2762}.Debug|Any CPU.ActiveCfg = Debug|Any CPU
		{884DCC15-F1EC-4BEB-A966-F304145F2762}.Debug|Any CPU.Build.0 = Debug|Any CPU
		{884DCC15-F1EC-4BEB-A966-F304145F2762}.Release|Any CPU.ActiveCfg = Release|Any CPU
		{884DCC15-F1EC-4BEB-A966-F304145F2762}.Release|Any CPU.Build.0 = Release|Any CPU
	EndGlobalSection
	GlobalSection(SolutionProperties) = preSolution
		HideSolutionNode = FALSE
	EndGlobalSection
	GlobalSection(ExtensibilityGlobals) = postSolution
		SolutionGuid = {F4A14DEB-9DDA-473B-9023-E24528344C94}
	EndGlobalSection
EndGlobal
